
Microsoft Visual Studio Solution File, Format Version 12.00
# Visual Studio 14
VisualStudioVersion = 14.0.25420.1
MinimumVisualStudioVersion = 10.0.40219.1
Project("{FAE04EC0-301F-11D3-BF4B-00C04F79EFBC}") = "ConsoleApplication(Strategy)", "ConsoleApplication\ConsoleApplication(Strategy).csproj", "{3F8CDEFA-C315-4D51-843F-0FE7659E70F0}"
EndProject
Project("{FAE04EC0-301F-11D3-BF4B-00C04F79EFBC}") = "ConsoleApplication(Strategy)2", "ConsoleApplication(Strategy)2\ConsoleApplication(Strategy)2.csproj", "{87764E3A-6DD9-499B-9965-0CDA0AC7D420}"
EndProject
Project("{FAE04EC0-301F-11D3-BF4B-00C04F79EFBC}") = "ConsoleApplication(ChainOfResposibility)", "ConsoleApplication(ChainOfResposibility)\ConsoleApplication(ChainOfResposibility).csproj", "{2388D924-AD59-4CB7-96EA-EC9FD5A44923}"
EndProject
Project("{FAE04EC0-301F-11D3-BF4B-00C04F79EFBC}") = "ConsoleApplication(TemplateMethod)", "ConsoleApplication(TemplateMethod)\ConsoleApplication(TemplateMethod).csproj", "{26E3F712-7481-4B85-91C4-3FA8662DE67C}"
EndProject
Project("{FAE04EC0-301F-11D3-BF4B-00C04F79EFBC}") = "ConsoleApplication(Decorator)", "ConsoleApplication(Decorator)\ConsoleApplication(Decorator).csproj", "{D7E439FF-9DAD-4CB2-BF17-DC1168CEA6E5}"
EndProject
Global
	GlobalSection(SolutionConfigurationPlatforms) = preSolution
		Debug|Any CPU = Debug|Any CPU
		Release|Any CPU = Release|Any CPU
	EndGlobalSection
	GlobalSection(ProjectConfigurationPlatforms) = postSolution
		{3F8CDEFA-C315-4D51-843F-0FE7659E70F0}.Debug|Any CPU.ActiveCfg = Debug|Any CPU
		{3F8CDEFA-C315-4D51-843F-0FE7659E70F0}.Debug|Any CPU.Build.0 = Debug|Any CPU
		{3F8CDEFA-C315-4D51-843F-0FE7659E70F0}.Release|Any CPU.ActiveCfg = Release|Any CPU
		{3F8CDEFA-C315-4D51-843F-0FE7659E70F0}.Release|Any CPU.Build.0 = Release|Any CPU
		{87764E3A-6DD9-499B-9965-0CDA0AC7D420}.Debug|Any CPU.ActiveCfg = Debug|Any CPU
		{87764E3A-6DD9-499B-9965-0CDA0AC7D420}.Debug|Any CPU.Build.0 = Debug|Any CPU
		{87764E3A-6DD9-499B-9965-0CDA0AC7D420}.Release|Any CPU.ActiveCfg = Release|Any CPU
		{87764E3A-6DD9-499B-9965-0CDA0AC7D420}.Release|Any CPU.Build.0 = Release|Any CPU
		{2388D924-AD59-4CB7-96EA-EC9FD5A44923}.Debug|Any CPU.ActiveCfg = Debug|Any CPU
		{2388D924-AD59-4CB7-96EA-EC9FD5A44923}.Debug|Any CPU.Build.0 = Debug|Any CPU
		{2388D924-AD59-4CB7-96EA-EC9FD5A44923}.Release|Any CPU.ActiveCfg = Release|Any CPU
		{2388D924-AD59-4CB7-96EA-EC9FD5A44923}.Release|Any CPU.Build.0 = Release|Any CPU
		{26E3F712-7481-4B85-91C4-3FA8662DE67C}.Debug|Any CPU.ActiveCfg = Debug|Any CPU
		{26E3F712-7481-4B85-91C4-3FA8662DE67C}.Debug|Any CPU.Build.0 = Debug|Any CPU
		{26E3F712-7481-4B85-91C4-3FA8662DE67C}.Release|Any CPU.ActiveCfg = Release|Any CPU
		{26E3F712-7481-4B85-91C4-3FA8662DE67C}.Release|Any CPU.Build.0 = Release|Any CPU
		{D7E439FF-9DAD-4CB2-BF17-DC1168CEA6E5}.Debug|Any CPU.ActiveCfg = Debug|Any CPU
		{D7E439FF-9DAD-4CB2-BF17-DC1168CEA6E5}.Debug|Any CPU.Build.0 = Debug|Any CPU
		{D7E439FF-9DAD-4CB2-BF17-DC1168CEA6E5}.Release|Any CPU.ActiveCfg = Release|Any CPU
		{D7E439FF-9DAD-4CB2-BF17-DC1168CEA6E5}.Release|Any CPU.Build.0 = Release|Any CPU
	EndGlobalSection
	GlobalSection(SolutionProperties) = preSolution
		HideSolutionNode = FALSE
	EndGlobalSection
EndGlobal
